
Microsoft Visual Studio Solution File, Format Version 12.00
# Visual Studio Version 16
VisualStudioVersion = 16.0.31321.278
MinimumVisualStudioVersion = 10.0.40219.1
Project("{FAE04EC0-301F-11D3-BF4B-00C04F79EFBC}") = "EFCoreTutorial", "EFCoreTutorial.csproj", "{DECBFCB8-5324-4124-9042-DBA451BA4652}"
EndProject
Global
	GlobalSection(SolutionConfigurationPlatforms) = preSolution
		Debug|Any CPU = Debug|Any CPU
		Release|Any CPU = Release|Any CPU
	EndGlobalSection
	GlobalSection(ProjectConfigurationPlatforms) = postSolution
		{DECBFCB8-5324-4124-9042-DBA451BA4652}.Debug|Any CPU.ActiveCfg = Debug|Any CPU
		{DECBFCB8-5324-4124-9042-DBA451BA4652}.Debug|Any CPU.Build.0 = Debug|Any CPU
		{DECBFCB8-5324-4124-9042-DBA451BA4652}.Release|Any CPU.ActiveCfg = Release|Any CPU
		{DECBFCB8-5324-4124-9042-DBA451BA4652}.Release|Any CPU.Build.0 = Release|Any CPU
	EndGlobalSection
	GlobalSection(SolutionProperties) = preSolution
		HideSolutionNode = FALSE
	EndGlobalSection
	GlobalSection(ExtensibilityGlobals) = postSolution
		SolutionGuid = {46E33C05-BFF4-42C6-87F5-1F979B14DD0A}
	EndGlobalSection
EndGlobal
